{
  ".claude/HARNESS.md": {
    ".claude/agents/librarian.md": "bd87aae352bdea4f",
    ".claude/agents/reviewer-correctness.md": "55c5560fabc1e184",
    ".claude/agents/reviewer-design.md": "5d5ca9336cecbee0",
    ".claude/agents/reviewer-taste.md": "e23581bb2fe58dae",
    ".claude/skills/workflow/SKILL.md": "1d9c9b01ab64d5de",
    "doc": "735f9e256e4cf1b3",
    "scripts/agent.py": "6bc99def6ddc093f",
    "scripts/brief.sh": "2480824f8bfe8220",
    "scripts/context.py": "1758842ffc4bf3a1",
    "scripts/opencode-agents.py": "1b55c0b1b177666f",
    "scripts/review.sh": "29232a439308fac2",
    "scripts/verify.sh": "7bfca5b876cf1b29"
  },
  ".claude/skills/agentic-review/SKILL.md": {
    ".claude/agents/reviewer-correctness.md": "55c5560fabc1e184",
    ".claude/agents/reviewer-design.md": "5d5ca9336cecbee0",
    ".claude/agents/reviewer-taste.md": "e23581bb2fe58dae",
    "doc": "34839ba5fa2377d0",
    "scripts/agent.py": "6bc99def6ddc093f",
    "scripts/review.sh": "29232a439308fac2"
  },
  ".claude/skills/delegate/SKILL.md": {
    "doc": "73e5637e16ffd9a3",
    "scripts/agent.py": "6bc99def6ddc093f"
  },
  ".claude/skills/handoff/SKILL.md": {
    "doc": "7fec5b9a76db6581",
    "scripts/brief.sh": "2480824f8bfe8220"
  },
  ".claude/skills/workflow/SKILL.md": {
    "doc": "1d9c9b01ab64d5de",
    "\u2026": ""
  },
  "AGENTS.md": {
    "doc": "cdcbfbbb25fce4cf",
    "scripts/brief.sh": "2480824f8bfe8220",
    "scripts/review.sh": "29232a439308fac2",
    "scripts/verify.sh": "7bfca5b876cf1b29"
  }
}
