{
  ".claude/HARNESS.md": {
    ".claude/agents/librarian.md": "bd87aae352bdea4f",
    ".claude/agents/reviewer-correctness.md": "55c5560fabc1e184",
    ".claude/agents/reviewer-design.md": "5d5ca9336cecbee0",
    ".claude/agents/reviewer-taste.md": "e23581bb2fe58dae",
    ".claude/skills/workflow/SKILL.md": "80b9c8919a77c91b",
    "doc": "84ccf8bb75f8bbd8",
    "scripts/agent.py": "e13ee82cb8c7f0c8",
    "scripts/brief.sh": "300ea9724dfd779c",
    "scripts/context.py": "57de2a6ebb1adea9",
    "scripts/opencode-agents.py": "0bc7800bab616ea2",
    "scripts/review.sh": "b1c750897c2e4f66",
    "scripts/verify.sh": "46fb72345c6ff670"
  },
  ".claude/skills/agentic-review/SKILL.md": {
    ".claude/agents/reviewer-correctness.md": "55c5560fabc1e184",
    ".claude/agents/reviewer-design.md": "5d5ca9336cecbee0",
    ".claude/agents/reviewer-taste.md": "e23581bb2fe58dae",
    "doc": "957dfa92fa52d229",
    "scripts/agent.py": "e13ee82cb8c7f0c8",
    "scripts/review.sh": "b1c750897c2e4f66"
  },
  ".claude/skills/delegate/SKILL.md": {
    "doc": "73e5637e16ffd9a3",
    "scripts/agent.py": "e13ee82cb8c7f0c8"
  },
  ".claude/skills/handoff/SKILL.md": {
    "doc": "8396afa0e0bf77a9",
    "scripts/brief.sh": "300ea9724dfd779c"
  },
  ".claude/skills/orchestrate/SKILL.md": {
    "doc": "e7a8392f55f2d959",
    "scripts/agent.py": "e13ee82cb8c7f0c8",
    "scripts/brief.sh": "300ea9724dfd779c",
    "scripts/review.sh": "b1c750897c2e4f66",
    "scripts/verify.sh": "46fb72345c6ff670"
  },
  ".claude/skills/workflow/SKILL.md": {
    "doc": "80b9c8919a77c91b",
    "\u2026": ""
  },
  "AGENTS.md": {
    "doc": "d2dc05d5a2b8792c",
    "scripts/brief.sh": "300ea9724dfd779c",
    "scripts/review.sh": "b1c750897c2e4f66",
    "scripts/verify.sh": "46fb72345c6ff670"
  }
}
